
Microsoft Visual Studio Solution File, Format Version 12.00
# Visual Studio Version 17
VisualStudioVersion = 17.9.34728.123
MinimumVisualStudioVersion = 10.0.40219.1
Project("{9A19103F-16F7-4668-BE54-9A1E7A4F7556}") = "Bulkyweb", "Bulkyweb\Bulkyweb.csproj", "{4BA09A0B-09BA-4A97-B543-AE16B3991FD2}"
EndProject
Project("{FAE04EC0-301F-11D3-BF4B-00C04F79EFBC}") = "Bulky.DataAccess", "Bulky.DataAccess\Bulky.DataAccess.csproj", "{31C22507-A65F-4DB0-A05C-7E38E8B5E8E5}"
EndProject
Project("{FAE04EC0-301F-11D3-BF4B-00C04F79EFBC}") = "Bulky.Models", "Bulky.Models\Bulky.Models.csproj", "{B466BD2B-53DF-4D04-AE96-BCF88ED30BB1}"
EndProject
Project("{FAE04EC0-301F-11D3-BF4B-00C04F79EFBC}") = "Bulky.Utility", "Bulky.Utility\Bulky.Utility.csproj", "{9EA90F17-DA75-4AF5-9AC6-55ABF247F614}"
EndProject
Global
	GlobalSection(SolutionConfigurationPlatforms) = preSolution
		Debug|Any CPU = Debug|Any CPU
		Release|Any CPU = Release|Any CPU
	EndGlobalSection
	GlobalSection(ProjectConfigurationPlatforms) = postSolution
		{4BA09A0B-09BA-4A97-B543-AE16B3991FD2}.Debug|Any CPU.ActiveCfg = Debug|Any CPU
		{4BA09A0B-09BA-4A97-B543-AE16B3991FD2}.Debug|Any CPU.Build.0 = Debug|Any CPU
		{4BA09A0B-09BA-4A97-B543-AE16B3991FD2}.Release|Any CPU.ActiveCfg = Release|Any CPU
		{4BA09A0B-09BA-4A97-B543-AE16B3991FD2}.Release|Any CPU.Build.0 = Release|Any CPU
		{31C22507-A65F-4DB0-A05C-7E38E8B5E8E5}.Debug|Any CPU.ActiveCfg = Debug|Any CPU
		{31C22507-A65F-4DB0-A05C-7E38E8B5E8E5}.Debug|Any CPU.Build.0 = Debug|Any CPU
		{31C22507-A65F-4DB0-A05C-7E38E8B5E8E5}.Release|Any CPU.ActiveCfg = Release|Any CPU
		{31C22507-A65F-4DB0-A05C-7E38E8B5E8E5}.Release|Any CPU.Build.0 = Release|Any CPU
		{B466BD2B-53DF-4D04-AE96-BCF88ED30BB1}.Debug|Any CPU.ActiveCfg = Debug|Any CPU
		{B466BD2B-53DF-4D04-AE96-BCF88ED30BB1}.Debug|Any CPU.Build.0 = Debug|Any CPU
		{B466BD2B-53DF-4D04-AE96-BCF88ED30BB1}.Release|Any CPU.ActiveCfg = Release|Any CPU
		{B466BD2B-53DF-4D04-AE96-BCF88ED30BB1}.Release|Any CPU.Build.0 = Release|Any CPU
		{9EA90F17-DA75-4AF5-9AC6-55ABF247F614}.Debug|Any CPU.ActiveCfg = Debug|Any CPU
		{9EA90F17-DA75-4AF5-9AC6-55ABF247F614}.Debug|Any CPU.Build.0 = Debug|Any CPU
		{9EA90F17-DA75-4AF5-9AC6-55ABF247F614}.Release|Any CPU.ActiveCfg = Release|Any CPU
		{9EA90F17-DA75-4AF5-9AC6-55ABF247F614}.Release|Any CPU.Build.0 = Release|Any CPU
	EndGlobalSection
	GlobalSection(SolutionProperties) = preSolution
		HideSolutionNode = FALSE
	EndGlobalSection
	GlobalSection(ExtensibilityGlobals) = postSolution
		SolutionGuid = {867F859E-AAA0-4457-BCBB-FDFE3709A213}
	EndGlobalSection
EndGlobal
